
Microsoft Visual Studio Solution File, Format Version 12.00
# Visual Studio Version 17
VisualStudioVersion = 17.0.31919.166
MinimumVisualStudioVersion = 10.0.40219.1
Project("{9A19103F-16F7-4668-BE54-9A1E7A4F7556}") = "Day1", "Day1\Day1.csproj", "{7DCB794E-FCD2-4182-9EBC-C8BA2FF25DAD}"
EndProject
Project("{9A19103F-16F7-4668-BE54-9A1E7A4F7556}") = "Day2", "Day2\Day2.csproj", "{2EADA85F-E283-42A0-A3C8-7F6B4C949AE3}"
EndProject
Project("{9A19103F-16F7-4668-BE54-9A1E7A4F7556}") = "Day3", "Day3\Day3.csproj", "{B5CCBB99-D604-43E4-B39D-DA692F2729D9}"
EndProject
Project("{9A19103F-16F7-4668-BE54-9A1E7A4F7556}") = "Day4", "Day4\Day4.csproj", "{6F276819-E718-44EE-B79D-F8B5B809C438}"
EndProject
Project("{9A19103F-16F7-4668-BE54-9A1E7A4F7556}") = "Day5", "Day5\Day5.csproj", "{0E277C10-2E2F-4095-B1E3-1C32C8D467CE}"
EndProject
Project("{FAE04EC0-301F-11D3-BF4B-00C04F79EFBC}") = "Day6", "Day6\Day6.csproj", "{D9788016-83B0-4500-BF24-31C6A6A4E943}"
EndProject
Global
	GlobalSection(SolutionConfigurationPlatforms) = preSolution
		Debug|Any CPU = Debug|Any CPU
		Release|Any CPU = Release|Any CPU
	EndGlobalSection
	GlobalSection(ProjectConfigurationPlatforms) = postSolution
		{7DCB794E-FCD2-4182-9EBC-C8BA2FF25DAD}.Debug|Any CPU.ActiveCfg = Debug|Any CPU
		{7DCB794E-FCD2-4182-9EBC-C8BA2FF25DAD}.Debug|Any CPU.Build.0 = Debug|Any CPU
		{7DCB794E-FCD2-4182-9EBC-C8BA2FF25DAD}.Release|Any CPU.ActiveCfg = Release|Any CPU
		{7DCB794E-FCD2-4182-9EBC-C8BA2FF25DAD}.Release|Any CPU.Build.0 = Release|Any CPU
		{2EADA85F-E283-42A0-A3C8-7F6B4C949AE3}.Debug|Any CPU.ActiveCfg = Debug|Any CPU
		{2EADA85F-E283-42A0-A3C8-7F6B4C949AE3}.Debug|Any CPU.Build.0 = Debug|Any CPU
		{2EADA85F-E283-42A0-A3C8-7F6B4C949AE3}.Release|Any CPU.ActiveCfg = Release|Any CPU
		{2EADA85F-E283-42A0-A3C8-7F6B4C949AE3}.Release|Any CPU.Build.0 = Release|Any CPU
		{B5CCBB99-D604-43E4-B39D-DA692F2729D9}.Debug|Any CPU.ActiveCfg = Debug|Any CPU
		{B5CCBB99-D604-43E4-B39D-DA692F2729D9}.Debug|Any CPU.Build.0 = Debug|Any CPU
		{B5CCBB99-D604-43E4-B39D-DA692F2729D9}.Release|Any CPU.ActiveCfg = Release|Any CPU
		{B5CCBB99-D604-43E4-B39D-DA692F2729D9}.Release|Any CPU.Build.0 = Release|Any CPU
		{6F276819-E718-44EE-B79D-F8B5B809C438}.Debug|Any CPU.ActiveCfg = Debug|Any CPU
		{6F276819-E718-44EE-B79D-F8B5B809C438}.Debug|Any CPU.Build.0 = Debug|Any CPU
		{6F276819-E718-44EE-B79D-F8B5B809C438}.Release|Any CPU.ActiveCfg = Release|Any CPU
		{6F276819-E718-44EE-B79D-F8B5B809C438}.Release|Any CPU.Build.0 = Release|Any CPU
		{0E277C10-2E2F-4095-B1E3-1C32C8D467CE}.Debug|Any CPU.ActiveCfg = Debug|Any CPU
		{0E277C10-2E2F-4095-B1E3-1C32C8D467CE}.Debug|Any CPU.Build.0 = Debug|Any CPU
		{0E277C10-2E2F-4095-B1E3-1C32C8D467CE}.Release|Any CPU.ActiveCfg = Release|Any CPU
		{0E277C10-2E2F-4095-B1E3-1C32C8D467CE}.Release|Any CPU.Build.0 = Release|Any CPU
		{D9788016-83B0-4500-BF24-31C6A6A4E943}.Debug|Any CPU.ActiveCfg = Debug|Any CPU
		{D9788016-83B0-4500-BF24-31C6A6A4E943}.Debug|Any CPU.Build.0 = Debug|Any CPU
		{D9788016-83B0-4500-BF24-31C6A6A4E943}.Release|Any CPU.ActiveCfg = Release|Any CPU
		{D9788016-83B0-4500-BF24-31C6A6A4E943}.Release|Any CPU.Build.0 = Release|Any CPU
	EndGlobalSection
	GlobalSection(SolutionProperties) = preSolution
		HideSolutionNode = FALSE
	EndGlobalSection
	GlobalSection(ExtensibilityGlobals) = postSolution
		SolutionGuid = {5B5334CD-5D73-429A-929A-37C68BE0CB5B}
	EndGlobalSection
EndGlobal
